
Microsoft Visual Studio Solution File, Format Version 12.00
# Visual Studio 15
VisualStudioVersion = 15.0.26730.12
MinimumVisualStudioVersion = 10.0.40219.1
Project("{FAE04EC0-301F-11D3-BF4B-00C04F79EFBC}") = "Lab02", "Lab02\Lab02.csproj", "{7ABDE070-EFDC-4C2F-AFAB-536FC33C7329}"
EndProject
Global
	GlobalSection(SolutionConfigurationPlatforms) = preSolution
		Debug|Any CPU = Debug|Any CPU
		Release|Any CPU = Release|Any CPU
	EndGlobalSection
	GlobalSection(ProjectConfigurationPlatforms) = postSolution
		{7ABDE070-EFDC-4C2F-AFAB-536FC33C7329}.Debug|Any CPU.ActiveCfg = Debug|Any CPU
		{7ABDE070-EFDC-4C2F-AFAB-536FC33C7329}.Debug|Any CPU.Build.0 = Debug|Any CPU
		{7ABDE070-EFDC-4C2F-AFAB-536FC33C7329}.Release|Any CPU.ActiveCfg = Release|Any CPU
		{7ABDE070-EFDC-4C2F-AFAB-536FC33C7329}.Release|Any CPU.Build.0 = Release|Any CPU
	EndGlobalSection
	GlobalSection(SolutionProperties) = preSolution
		HideSolutionNode = FALSE
	EndGlobalSection
	GlobalSection(ExtensibilityGlobals) = postSolution
		SolutionGuid = {96F2D370-44BB-4E55-8735-175561EF3F06}
	EndGlobalSection
EndGlobal
